{
  "name": "mysite",
  "version": "1.0.0",
  "lockfileVersion": 1,
  "requires": true,
  "dependencies": {
    "any-promise": {
      "version": "1.3.0",
      "resolved": "http://npm.dev.sh.ctripcorp.com:8001/any-promise/download/any-promise-1.3.0.tgz",
      "integrity": "sha1-q8av7tzqUugJzcA3au0845Y10X8="
    },
    "babel-cli": {
      "version": "6.26.0",
      "resolved": "http://registry.npm.taobao.org/babel-cli/download/babel-cli-6.26.0.tgz",
      "integrity": "sha1-UCq1SHTX24itALiHoGODzgPQAvE=",
      "dev": true
    },
    "babel-plugin-check-es2015-constants": {
      "version": "6.22.0",
      "resolved": "https://registry.npmjs.org/babel-plugin-check-es2015-constants/-/babel-plugin-check-es2015-constants-6.22.0.tgz",
      "integrity": "sha1-NRV7EBQm/S/9PaP3XH0ekYNbv4o=",
      "dev": true
    },
    "babel-plugin-syntax-trailing-function-commas": {
      "version": "6.22.0",
      "resolved": "https://registry.npmjs.org/babel-plugin-syntax-trailing-function-commas/-/babel-plugin-syntax-trailing-function-commas-6.22.0.tgz",
      "integrity": "sha1-ugNgk3+NBuQBgKQ/4NVhb/9TLPM=",
      "dev": true
    },
    "babel-plugin-transform-async-to-generator": {
      "version": "6.24.1",
      "resolved": "https://registry.npmjs.org/babel-plugin-transform-async-to-generator/-/babel-plugin-transform-async-to-generator-6.24.1.tgz",
      "integrity": "sha1-ZTbjeK/2yx1VF6wOQOs+n8jQh2E=",
      "dev": true
    },
    "babel-plugin-transform-es2015-arrow-functions": {
      "version": "6.22.0",
      "resolved": "https://registry.npmjs.org/babel-plugin-transform-es2015-arrow-functions/-/babel-plugin-transform-es2015-arrow-functions-6.22.0.tgz",
      "integrity": "sha1-RSaSy3EdX3ncf4XkQM5BufJE0iE=",
      "dev": true
    },
    "babel-plugin-transform-es2015-block-scoped-functions": {
      "version": "6.22.0",
      "resolved": "https://registry.npmjs.org/babel-plugin-transform-es2015-block-scoped-functions/-/babel-plugin-transform-es2015-block-scoped-functions-6.22.0.tgz",
      "integrity": "sha1-u8UbSflk1wy42OC5ToICRs46YUE=",
      "dev": true
    },
    "babel-plugin-transform-es2015-block-scoping": {
      "version": "6.26.0",
      "resolved": "https://registry.npmjs.org/babel-plugin-transform-es2015-block-scoping/-/babel-plugin-transform-es2015-block-scoping-6.26.0.tgz",
      "integrity": "sha1-1w9SmcEwjQXBL0Y4E7CgnnOxiV8=",
      "dev": true
    },
    "babel-plugin-transform-es2015-classes": {
      "version": "6.24.1",
      "resolved": "https://registry.npmjs.org/babel-plugin-transform-es2015-classes/-/babel-plugin-transform-es2015-classes-6.24.1.tgz",
      "integrity": "sha1-WkxYpQyclGHlZLSyo7+ryXolhNs=",
      "dev": true
    },
    "babel-plugin-transform-es2015-computed-properties": {
      "version": "6.24.1",
      "resolved": "https://registry.npmjs.org/babel-plugin-transform-es2015-computed-properties/-/babel-plugin-transform-es2015-computed-properties-6.24.1.tgz",
      "integrity": "sha1-b+Ko0WiV1WNPTNmZttNICjCBWbM=",
      "dev": true
    },
    "babel-plugin-transform-es2015-destructuring": {
      "version": "6.23.0",
      "resolved": "https://registry.npmjs.org/babel-plugin-transform-es2015-destructuring/-/babel-plugin-transform-es2015-destructuring-6.23.0.tgz",
      "integrity": "sha1-mXux8auWf2gtKwh2/jWNYOdlxW0=",
      "dev": true
    },
    "babel-plugin-transform-es2015-duplicate-keys": {
      "version": "6.24.1",
      "resolved": "https://registry.npmjs.org/babel-plugin-transform-es2015-duplicate-keys/-/babel-plugin-transform-es2015-duplicate-keys-6.24.1.tgz",
      "integrity": "sha1-c+s9MQypaePvnskcU3QabxV2Qj4=",
      "dev": true
    },
    "babel-plugin-transform-es2015-for-of": {
      "version": "6.23.0",
      "resolved": "https://registry.npmjs.org/babel-plugin-transform-es2015-for-of/-/babel-plugin-transform-es2015-for-of-6.23.0.tgz",
      "integrity": "sha1-9HyVsrYT3x0+zC/bdXNiPHUkhpE=",
      "dev": true
    },
    "babel-plugin-transform-es2015-function-name": {
      "version": "6.24.1",
      "resolved": "https://registry.npmjs.org/babel-plugin-transform-es2015-function-name/-/babel-plugin-transform-es2015-function-name-6.24.1.tgz",
      "integrity": "sha1-g0yJhTvDaxrw86TF26qU/Y6sqos=",
      "dev": true
    },
    "babel-plugin-transform-es2015-literals": {
      "version": "6.22.0",
      "resolved": "https://registry.npmjs.org/babel-plugin-transform-es2015-literals/-/babel-plugin-transform-es2015-literals-6.22.0.tgz",
      "integrity": "sha1-T1SgLWzWbPkVKAAZox0xklN3yi4=",
      "dev": true
    },
    "babel-plugin-transform-es2015-modules-amd": {
      "version": "6.24.1",
      "resolved": "https://registry.npmjs.org/babel-plugin-transform-es2015-modules-amd/-/babel-plugin-transform-es2015-modules-amd-6.24.1.tgz",
      "integrity": "sha1-Oz5UAXI5hC1tGcMBHEvS8AoA0VQ=",
      "dev": true
    },
    "babel-plugin-transform-es2015-modules-commonjs": {
      "version": "6.26.0",
      "resolved": "https://registry.npmjs.org/babel-plugin-transform-es2015-modules-commonjs/-/babel-plugin-transform-es2015-modules-commonjs-6.26.0.tgz",
      "integrity": "sha1-DYOUApt9xqvhqX7xgeAHWN0uXYo=",
      "dev": true
    },
    "babel-plugin-transform-es2015-modules-systemjs": {
      "version": "6.24.1",
      "resolved": "https://registry.npmjs.org/babel-plugin-transform-es2015-modules-systemjs/-/babel-plugin-transform-es2015-modules-systemjs-6.24.1.tgz",
      "integrity": "sha1-/4mhQrkRmpBhlfXxBuzzBdlAfSM=",
      "dev": true
    },
    "babel-plugin-transform-es2015-modules-umd": {
      "version": "6.24.1",
      "resolved": "https://registry.npmjs.org/babel-plugin-transform-es2015-modules-umd/-/babel-plugin-transform-es2015-modules-umd-6.24.1.tgz",
      "integrity": "sha1-rJl+YoXNGO1hdq22B9YCNErThGg=",
      "dev": true
    },
    "babel-plugin-transform-es2015-object-super": {
      "version": "6.24.1",
      "resolved": "https://registry.npmjs.org/babel-plugin-transform-es2015-object-super/-/babel-plugin-transform-es2015-object-super-6.24.1.tgz",
      "integrity": "sha1-JM72muIcuDp/hgPa0CH1cusnj40=",
      "dev": true
    },
    "babel-plugin-transform-es2015-parameters": {
      "version": "6.24.1",
      "resolved": "https://registry.npmjs.org/babel-plugin-transform-es2015-parameters/-/babel-plugin-transform-es2015-parameters-6.24.1.tgz",
      "integrity": "sha1-V6w1GrScrxSpfNE7CfZv3wpiXys=",
      "dev": true
    },
    "babel-plugin-transform-es2015-shorthand-properties": {
      "version": "6.24.1",
      "resolved": "https://registry.npmjs.org/babel-plugin-transform-es2015-shorthand-properties/-/babel-plugin-transform-es2015-shorthand-properties-6.24.1.tgz",
      "integrity": "sha1-JPh11nIch2YbvZmkYi5R8U3jiqA=",
      "dev": true
    },
    "babel-plugin-transform-es2015-spread": {
      "version": "6.22.0",
      "resolved": "https://registry.npmjs.org/babel-plugin-transform-es2015-spread/-/babel-plugin-transform-es2015-spread-6.22.0.tgz",
      "integrity": "sha1-1taKmfia7cRTbIGlQujdnxdG+NE=",
      "dev": true
    },
    "babel-plugin-transform-es2015-sticky-regex": {
      "version": "6.24.1",
      "resolved": "https://registry.npmjs.org/babel-plugin-transform-es2015-sticky-regex/-/babel-plugin-transform-es2015-sticky-regex-6.24.1.tgz",
      "integrity": "sha1-AMHNsaynERLN8M9hJsLta0V8zbw=",
      "dev": true
    },
    "babel-plugin-transform-es2015-template-literals": {
      "version": "6.22.0",
      "resolved": "https://registry.npmjs.org/babel-plugin-transform-es2015-template-literals/-/babel-plugin-transform-es2015-template-literals-6.22.0.tgz",
      "integrity": "sha1-qEs0UPfp+PH2g51taH2oS7EjbY0=",
      "dev": true
    },
    "babel-plugin-transform-es2015-typeof-symbol": {
      "version": "6.23.0",
      "resolved": "https://registry.npmjs.org/babel-plugin-transform-es2015-typeof-symbol/-/babel-plugin-transform-es2015-typeof-symbol-6.23.0.tgz",
      "integrity": "sha1-3sCfHN3/lLUqxz1QXITfWdzOs3I=",
      "dev": true
    },
    "babel-plugin-transform-es2015-unicode-regex": {
      "version": "6.24.1",
      "resolved": "https://registry.npmjs.org/babel-plugin-transform-es2015-unicode-regex/-/babel-plugin-transform-es2015-unicode-regex-6.24.1.tgz",
      "integrity": "sha1-04sS9C6nMj9yk4fxinxa4frrNek=",
      "dev": true
    },
    "babel-plugin-transform-exponentiation-operator": {
      "version": "6.24.1",
      "resolved": "https://registry.npmjs.org/babel-plugin-transform-exponentiation-operator/-/babel-plugin-transform-exponentiation-operator-6.24.1.tgz",
      "integrity": "sha1-KrDJx/MJj6SJB3cruBP+QejeOg4=",
      "dev": true
    },
    "babel-plugin-transform-regenerator": {
      "version": "6.26.0",
      "resolved": "https://registry.npmjs.org/babel-plugin-transform-regenerator/-/babel-plugin-transform-regenerator-6.26.0.tgz",
      "integrity": "sha1-4HA2lvveJ/Cj78rPi03KL3s6jy8=",
      "dev": true
    },
    "babel-polyfill": {
      "version": "6.26.0",
      "resolved": "http://registry.npm.taobao.org/babel-polyfill/download/babel-polyfill-6.26.0.tgz",
      "integrity": "sha1-N5k3q8Z9eJWXCtxiHyhM2WbPIVM=",
      "dev": true,
      "dependencies": {
        "regenerator-runtime": {
          "version": "0.10.5",
          "resolved": "http://registry.npm.taobao.org/regenerator-runtime/download/regenerator-runtime-0.10.5.tgz",
          "integrity": "sha1-M2w+/BIgrc7dosn6tntaeVWjNlg=",
          "dev": true
        }
      }
    },
    "babel-preset-env": {
      "version": "1.6.1",
      "resolved": "https://registry.npmjs.org/babel-preset-env/-/babel-preset-env-1.6.1.tgz",
      "integrity": "sha512-W6VIyA6Ch9ePMI7VptNn2wBM6dbG0eSz25HEiL40nQXCsXGTGZSTZu1Iap+cj3Q0S5a7T9+529l/5Bkvd+afNA==",
      "dev": true,
      "requires": {
        "babel-plugin-check-es2015-constants": "6.22.0",
        "babel-plugin-syntax-trailing-function-commas": "6.22.0",
        "babel-plugin-transform-async-to-generator": "6.24.1",
        "babel-plugin-transform-es2015-arrow-functions": "6.22.0",
        "babel-plugin-transform-es2015-block-scoped-functions": "6.22.0",
        "babel-plugin-transform-es2015-block-scoping": "6.26.0",
        "babel-plugin-transform-es2015-classes": "6.24.1",
        "babel-plugin-transform-es2015-computed-properties": "6.24.1",
        "babel-plugin-transform-es2015-destructuring": "6.23.0",
        "babel-plugin-transform-es2015-duplicate-keys": "6.24.1",
        "babel-plugin-transform-es2015-for-of": "6.23.0",
        "babel-plugin-transform-es2015-function-name": "6.24.1",
        "babel-plugin-transform-es2015-literals": "6.22.0",
        "babel-plugin-transform-es2015-modules-amd": "6.24.1",
        "babel-plugin-transform-es2015-modules-commonjs": "6.26.0",
        "babel-plugin-transform-es2015-modules-systemjs": "6.24.1",
        "babel-plugin-transform-es2015-modules-umd": "6.24.1",
        "babel-plugin-transform-es2015-object-super": "6.24.1",
        "babel-plugin-transform-es2015-parameters": "6.24.1",
        "babel-plugin-transform-es2015-shorthand-properties": "6.24.1",
        "babel-plugin-transform-es2015-spread": "6.22.0",
        "babel-plugin-transform-es2015-sticky-regex": "6.24.1",
        "babel-plugin-transform-es2015-template-literals": "6.22.0",
        "babel-plugin-transform-es2015-typeof-symbol": "6.23.0",
        "babel-plugin-transform-es2015-unicode-regex": "6.24.1",
        "babel-plugin-transform-exponentiation-operator": "6.24.1",
        "babel-plugin-transform-regenerator": "6.26.0",
        "browserslist": "2.9.1",
        "invariant": "2.2.2",
        "semver": "5.4.1"
      }
    },
    "babel-preset-es2015": {
      "version": "6.24.1",
      "resolved": "https://registry.npmjs.org/babel-preset-es2015/-/babel-preset-es2015-6.24.1.tgz",
      "integrity": "sha1-1EBQ1rwsn+6nAqrzjXJ6AhBTiTk=",
      "dev": true
    },
    "babel-preset-latest": {
      "version": "6.24.1",
      "resolved": "http://registry.npm.taobao.org/babel-preset-latest/download/babel-preset-latest-6.24.1.tgz",
      "integrity": "sha1-Z33gaRVKdIXC0lxXfAL2JLhbheg=",
      "dev": true
    },
    "babel-preset-stage-3": {
      "version": "6.24.1",
      "resolved": "https://registry.npmjs.org/babel-preset-stage-3/-/babel-preset-stage-3-6.24.1.tgz",
      "integrity": "sha1-g2raCp56f6N8sTj7kyb4eTSkg5U=",
      "dev": true
    },
    "browserslist": {
      "version": "2.9.1",
      "resolved": "https://registry.npmjs.org/browserslist/-/browserslist-2.9.1.tgz",
      "integrity": "sha512-3n3nPdbUqn3nWmsy4PeSQthz2ja1ndpoXta+dwFFNhveGjMg6FXpWYe12vsTpNoXJbzx3j7GZXdtoVIdvh3JbA==",
      "dev": true,
      "requires": {
        "caniuse-lite": "1.0.30000780",
        "electron-to-chromium": "1.3.28"
      }
    },
    "caniuse-lite": {
      "version": "1.0.30000780",
      "resolved": "https://registry.npmjs.org/caniuse-lite/-/caniuse-lite-1.0.30000780.tgz",
      "integrity": "sha1-H5CV8u/UlA4LpsWZKreptkzDW6Q=",
      "dev": true
    },
    "core-js": {
      "version": "2.5.1",
      "resolved": "http://registry.npm.taobao.org/core-js/download/core-js-2.5.1.tgz",
      "integrity": "sha1-rmh03GaTd4m4B1T/VCjfZoGcpQs=",
      "dev": true
    },
    "electron-to-chromium": {
      "version": "1.3.28",
      "resolved": "https://registry.npmjs.org/electron-to-chromium/-/electron-to-chromium-1.3.28.tgz",
      "integrity": "sha1-jdTmRYCGZE6fnwoc8y4qH53/2e4=",
      "dev": true
    },
    "http-errors": {
      "version": "1.6.2",
      "resolved": "http://npm.dev.sh.ctripcorp.com:8001/http-errors/download/http-errors-1.6.2.tgz",
      "integrity": "sha1-CgAsyFcHGSp+eUbO7cERVfYOxzY="
    },
    "inherits": {
      "version": "2.0.3",
      "resolved": "http://npm.dev.sh.ctripcorp.com:8001/inherits/download/inherits-2.0.3.tgz",
      "integrity": "sha1-Yzwsg+PaQqUC9SRmAiSA9CCCYd4="
    },
    "invariant": {
      "version": "2.2.2",
      "resolved": "https://registry.npmjs.org/invariant/-/invariant-2.2.2.tgz",
      "integrity": "sha1-nh9WrArNtr8wMwbzOL47IErmA2A=",
      "dev": true
    },
    "koa": {
      "version": "2.4.1",
      "resolved": "http://npm.dev.sh.ctripcorp.com:8001/koa/download/koa-2.4.1.tgz",
      "integrity": "sha1-1EnPuXCn6dpXH2me2kC7njLrFIQ="
    },
    "koa-body": {
      "version": "2.5.0",
      "resolved": "http://npm.dev.sh.ctripcorp.com:8001/koa-body/download/koa-body-2.5.0.tgz",
      "integrity": "sha1-hOj82NUimozBy5ipJuk5Bp5xaRU="
    },
    "koa-bodyparser": {
      "version": "4.2.0",
      "resolved": "http://npm.dev.sh.ctripcorp.com:8001/koa-bodyparser/download/koa-bodyparser-4.2.0.tgz",
      "integrity": "sha1-vObgi8Zfhwm20fqpQRx/DYk4qlQ="
    },
    "koa-cors": {
      "version": "0.0.16",
      "resolved": "http://registry.npm.taobao.org/koa-cors/download/koa-cors-0.0.16.tgz",
      "integrity": "sha1-mBB5k6eQnjTAQphsXsYVbXfzQy4=",
      "dev": true
    },
    "koa-logger": {
      "version": "3.1.0",
      "resolved": "http://npm.dev.sh.ctripcorp.com:8001/koa-logger/download/koa-logger-3.1.0.tgz",
      "integrity": "sha1-gaNT9BhwEZ1WJg4OZE8E5zGBADk="
    },
    "koa-router": {
      "version": "7.3.0",
      "resolved": "http://npm.dev.sh.ctripcorp.com:8001/koa-router/download/koa-router-7.3.0.tgz",
      "integrity": "sha1-JB8ESaxc0QcYMamj2AtSH6+2uqE=",
      "dependencies": {
        "koa-compose": {
          "version": "3.2.1",
          "resolved": "http://npm.dev.sh.ctripcorp.com:8001/koa-compose/download/koa-compose-3.2.1.tgz",
          "integrity": "sha1-qFzLQLfZhtjlo0Wzoazo6rz1Tec="
        }
      }
    },
    "koa-send": {
      "version": "4.1.2",
      "resolved": "http://registry.npm.taobao.org/koa-send/download/koa-send-4.1.2.tgz",
      "integrity": "sha1-koYdGExNhFilT5LmcI4JsU1kERw=",
      "requires": {
        "debug": "2.6.9",
        "http-errors": "1.6.2",
        "mz": "2.7.0",
        "resolve-path": "1.3.3"
      },
      "dependencies": {
        "debug": {
          "version": "2.6.9",
          "resolved": "http://registry.npm.taobao.org/debug/download/debug-2.6.9.tgz",
          "integrity": "sha1-XRKFFd8TT/Mn6QpMk/Tgd6U2NB8=",
          "requires": {
            "ms": "2.0.0"
          }
        }
      }
    },
    "koa-static": {
      "version": "4.0.2",
      "resolved": "http://registry.npm.taobao.org/koa-static/download/koa-static-4.0.2.tgz",
      "integrity": "sha1-bNqS2I13Hcqtnw2CXNlKYxyGGho=",
      "requires": {
        "debug": "2.6.9",
        "koa-send": "4.1.2"
      },
      "dependencies": {
        "debug": {
          "version": "2.6.9",
          "resolved": "http://registry.npm.taobao.org/debug/download/debug-2.6.9.tgz",
          "integrity": "sha1-XRKFFd8TT/Mn6QpMk/Tgd6U2NB8=",
          "requires": {
            "ms": "2.0.0"
          }
        }
      }
    },
    "mongoose": {
      "version": "4.13.6",
      "resolved": "http://npm.dev.sh.ctripcorp.com:8001/mongoose/download/mongoose-4.13.6.tgz",
      "integrity": "sha1-SBAvCw15epvSc+WB7vFtBQXvPXk="
    },
    "ms": {
      "version": "2.0.0",
      "resolved": "http://npm.dev.sh.ctripcorp.com:8001/ms/download/ms-2.0.0.tgz",
      "integrity": "sha1-VgiurfwAvmwpAd9fmGF4jeDVl8g="
    },
    "mz": {
      "version": "2.7.0",
      "resolved": "http://registry.npm.taobao.org/mz/download/mz-2.7.0.tgz",
      "integrity": "sha1-lQCAV6Vsr63CvGPd5/n/aVWUjjI=",
      "requires": {
        "any-promise": "1.3.0",
        "object-assign": "4.1.1",
        "thenify-all": "1.6.0"
      }
    },
    "object-assign": {
      "version": "4.1.1",
      "resolved": "http://registry.npm.taobao.org/object-assign/download/object-assign-4.1.1.tgz",
      "integrity": "sha1-IQmtx5ZYh8/AXLvUQsrIv7s2CGM=",
      "dev": true
    },
    "path-is-absolute": {
      "version": "1.0.1",
      "resolved": "http://registry.npm.taobao.org/path-is-absolute/download/path-is-absolute-1.0.1.tgz",
      "integrity": "sha1-F0uSaHNVNP+8es5r9TpanhtcX18=",
      "dev": true
    },
    "resolve-path": {
      "version": "1.3.3",
      "resolved": "http://registry.npm.taobao.org/resolve-path/download/resolve-path-1.3.3.tgz",
      "integrity": "sha1-TYOrpkaMK45jKldeP1Kw+g2+Glw=",
      "requires": {
        "http-errors": "1.5.1",
        "path-is-absolute": "1.0.1"
      },
      "dependencies": {
        "http-errors": {
          "version": "1.5.1",
          "resolved": "http://registry.npm.taobao.org/http-errors/download/http-errors-1.5.1.tgz",
          "integrity": "sha1-eIwNLB3iyBuebowBhDtrl+uSB1A=",
          "requires": {
            "inherits": "2.0.3",
            "setprototypeof": "1.0.2",
            "statuses": "1.4.0"
          }
        },
        "setprototypeof": {
          "version": "1.0.2",
          "resolved": "http://registry.npm.taobao.org/setprototypeof/download/setprototypeof-1.0.2.tgz",
          "integrity": "sha1-gaVSFB7BBLiOic44MQOtXGZWTQg="
        }
      }
    },
    "semver": {
      "version": "5.4.1",
      "resolved": "http://npm.dev.sh.ctripcorp.com:8001/semver/download/semver-5.4.1.tgz",
      "integrity": "sha1-4FnAnYVx8FQII3M0M1BdOi8AsY4="
    },
    "statuses": {
      "version": "1.4.0",
      "resolved": "http://npm.dev.sh.ctripcorp.com:8001/statuses/download/statuses-1.4.0.tgz",
      "integrity": "sha1-u3PURtonlhBu/MG2AaJT1sRr0Ic="
    },
    "supervisor": {
      "version": "0.12.0",
      "resolved": "http://npm.dev.sh.ctripcorp.com:8001/supervisor/download/supervisor-0.12.0.tgz",
      "integrity": "sha1-3n5jNwFbKRhRwQ81OMSn8EkX7ME="
    },
    "thenify": {
      "version": "3.3.0",
      "resolved": "http://registry.npm.taobao.org/thenify/download/thenify-3.3.0.tgz",
      "integrity": "sha1-5p44obq+lpsBCCB5eLn2K4hgSDk=",
      "requires": {
        "any-promise": "1.3.0"
      }
    },
    "thenify-all": {
      "version": "1.6.0",
      "resolved": "http://registry.npm.taobao.org/thenify-all/download/thenify-all-1.6.0.tgz",
      "integrity": "sha1-GhkY1ALY/D+Y+/I02wvMjMEOlyY=",
      "requires": {
        "thenify": "3.3.0"
      }
    }
  }
}
